// !$*UTF8*$!
{
	archiveVersion = 1;
	classes = {
	};
	objectVersion = 46;
	objects = {

/* Begin PBXBuildFile section */
		C4415AC91E8156650074ECA0 /* CoreData.framework in Frameworks */ = {isa = PBXBuildFile; fileRef = C4415AC81E8156650074ECA0 /* CoreData.framework */; };
		F808C5A61EDC8DDB004F7160 /* ELMapping.plist in Resources */ = {isa = PBXBuildFile; fileRef = F808C5A51EDC8DDB004F7160 /* ELMapping.plist */; };
		F80BEB6E1E3C0CE600B16E32 /* main.m in Sources */ = {isa = PBXBuildFile; fileRef = F80BEB6D1E3C0CE600B16E32 /* main.m */; };
		F80BEB731E3C0EF800B16E32 /* OpenDirectory.framework in Frameworks */ = {isa = PBXBuildFile; fileRef = F80BEB721E3C0EF800B16E32 /* OpenDirectory.framework */; };
		F80BEB751E3C144600B16E32 /* dsconfigel in Copy CLI tools */ = {isa = PBXBuildFile; fileRef = F80BEB6B1E3C0CE600B16E32 /* dsconfigel */; settings = {ATTRIBUTES = (CodeSignOnCopy, ); }; };
		F8AB63C11E111AB900FE9FC8 /* CoreFoundation.framework in Frameworks */ = {isa = PBXBuildFile; fileRef = F8AB63C01E111AB900FE9FC8 /* CoreFoundation.framework */; };
		F8AB63C51E111AB900FE9FC8 /* EasyLoginOD.h in Headers */ = {isa = PBXBuildFile; fileRef = F8AB63C41E111AB900FE9FC8 /* EasyLoginOD.h */; };
		F8AB63C71E111AB900FE9FC8 /* EasyLoginOD.m in Sources */ = {isa = PBXBuildFile; fileRef = F8AB63C61E111AB900FE9FC8 /* EasyLoginOD.m */; };
		F8D71E921EDB360C0087C938 /* Configuration.m in Sources */ = {isa = PBXBuildFile; fileRef = F8D71E911EDB360C0087C938 /* Configuration.m */; };
		F8DAEFE21EE5F64000741257 /* libEasyLoginMacLib.a in Frameworks */ = {isa = PBXBuildFile; fileRef = F8DAEFE11EE5F62200741257 /* libEasyLoginMacLib.a */; };
		F8DAEFE51EE5F98600741257 /* ELODToolbox.h in Headers */ = {isa = PBXBuildFile; fileRef = F8DAEFE31EE5F98600741257 /* ELODToolbox.h */; };
		F8DAEFE61EE5F98600741257 /* ELODToolbox.m in Sources */ = {isa = PBXBuildFile; fileRef = F8DAEFE41EE5F98600741257 /* ELODToolbox.m */; settings = {COMPILER_FLAGS = "-fobjc-arc"; }; };
/* End PBXBuildFile section */

/* Begin PBXBuildRule section */
		C4E7B6181E815AF600A3B1A0 /* PBXBuildRule */ = {
			isa = PBXBuildRule;
			compilerSpec = com.apple.compilers.model.coredata;
			filePatterns = "*.xcdatamodeld";
			fileType = pattern.proxy;
			isEditable = 1;
			outputFiles = (
			);
			script = "# momc\n";
		};
/* End PBXBuildRule section */

/* Begin PBXContainerItemProxy section */
		F8D71E8E1EDB35550087C938 /* PBXContainerItemProxy */ = {
			isa = PBXContainerItemProxy;
			containerPortal = F8AB63B51E111AB900FE9FC8 /* Project object */;
			proxyType = 1;
			remoteGlobalIDString = F80BEB6A1E3C0CE600B16E32;
			remoteInfo = dsconfigel;
		};
		F8DAEFE01EE5F62200741257 /* PBXContainerItemProxy */ = {
			isa = PBXContainerItemProxy;
			containerPortal = F8DAEFDC1EE5F62200741257 /* EasyLoginMacLib.xcodeproj */;
			proxyType = 2;
			remoteGlobalIDString = C43880031EBA01370052BD2F;
			remoteInfo = EasyLoginMacLib;
		};
/* End PBXContainerItemProxy section */

/* Begin PBXCopyFilesBuildPhase section */
		F80BEB691E3C0CE600B16E32 /* CopyFiles */ = {
			isa = PBXCopyFilesBuildPhase;
			buildActionMask = 2147483647;
			dstPath = /usr/share/man/man1/;
			dstSubfolderSpec = 0;
			files = (
			);
			runOnlyForDeploymentPostprocessing = 1;
		};
		F80BEB741E3C142900B16E32 /* Copy CLI tools */ = {
			isa = PBXCopyFilesBuildPhase;
			buildActionMask = 2147483647;
			dstPath = "";
			dstSubfolderSpec = 6;
			files = (
				F80BEB751E3C144600B16E32 /* dsconfigel in Copy CLI tools */,
			);
			name = "Copy CLI tools";
			runOnlyForDeploymentPostprocessing = 0;
		};
/* End PBXCopyFilesBuildPhase section */

/* Begin PBXFileReference section */
		C4415AC81E8156650074ECA0 /* CoreData.framework */ = {isa = PBXFileReference; lastKnownFileType = wrapper.framework; name = CoreData.framework; path = System/Library/Frameworks/CoreData.framework; sourceTree = SDKROOT; };
		F808C5A51EDC8DDB004F7160 /* ELMapping.plist */ = {isa = PBXFileReference; fileEncoding = 4; lastKnownFileType = text.plist.xml; path = ELMapping.plist; sourceTree = "<group>"; };
		F80BEB6B1E3C0CE600B16E32 /* dsconfigel */ = {isa = PBXFileReference; explicitFileType = "compiled.mach-o.executable"; includeInIndex = 0; path = dsconfigel; sourceTree = BUILT_PRODUCTS_DIR; };
		F80BEB6D1E3C0CE600B16E32 /* main.m */ = {isa = PBXFileReference; lastKnownFileType = sourcecode.c.objc; path = main.m; sourceTree = "<group>"; };
		F80BEB721E3C0EF800B16E32 /* OpenDirectory.framework */ = {isa = PBXFileReference; lastKnownFileType = wrapper.framework; name = OpenDirectory.framework; path = System/Library/Frameworks/OpenDirectory.framework; sourceTree = SDKROOT; };
		F8AB63BD1E111AB900FE9FC8 /* io.easylogin.EasyLoginOD.xpc */ = {isa = PBXFileReference; explicitFileType = wrapper.cfbundle; includeInIndex = 0; path = io.easylogin.EasyLoginOD.xpc; sourceTree = BUILT_PRODUCTS_DIR; };
		F8AB63C01E111AB900FE9FC8 /* CoreFoundation.framework */ = {isa = PBXFileReference; lastKnownFileType = wrapper.framework; name = CoreFoundation.framework; path = /System/Library/Frameworks/CoreFoundation.framework; sourceTree = "<absolute>"; };
		F8AB63C41E111AB900FE9FC8 /* EasyLoginOD.h */ = {isa = PBXFileReference; lastKnownFileType = sourcecode.c.h; path = EasyLoginOD.h; sourceTree = "<group>"; };
		F8AB63C61E111AB900FE9FC8 /* EasyLoginOD.m */ = {isa = PBXFileReference; lastKnownFileType = sourcecode.c.objc; path = EasyLoginOD.m; sourceTree = "<group>"; };
		F8AB63CA1E111AB900FE9FC8 /* Info.plist */ = {isa = PBXFileReference; lastKnownFileType = text.plist.xml; path = Info.plist; sourceTree = "<group>"; };
		F8D71E901EDB360C0087C938 /* Configuration.h */ = {isa = PBXFileReference; fileEncoding = 4; lastKnownFileType = sourcecode.c.h; path = Configuration.h; sourceTree = "<group>"; };
		F8D71E911EDB360C0087C938 /* Configuration.m */ = {isa = PBXFileReference; fileEncoding = 4; lastKnownFileType = sourcecode.c.objc; path = Configuration.m; sourceTree = "<group>"; };
		F8DAEFDC1EE5F62200741257 /* EasyLoginMacLib.xcodeproj */ = {isa = PBXFileReference; lastKnownFileType = "wrapper.pb-project"; name = EasyLoginMacLib.xcodeproj; path = Vendors/EasyLoginLibrary/EasyLoginMacLib/EasyLoginMacLib.xcodeproj; sourceTree = "<group>"; };
		F8DAEFE31EE5F98600741257 /* ELODToolbox.h */ = {isa = PBXFileReference; fileEncoding = 4; lastKnownFileType = sourcecode.c.h; path = ELODToolbox.h; sourceTree = "<group>"; };
		F8DAEFE41EE5F98600741257 /* ELODToolbox.m */ = {isa = PBXFileReference; fileEncoding = 4; lastKnownFileType = sourcecode.c.objc; path = ELODToolbox.m; sourceTree = "<group>"; };
		F8E2D15E1EE1650B0068EC2E /* Common.h */ = {isa = PBXFileReference; lastKnownFileType = sourcecode.c.h; path = Common.h; sourceTree = "<group>"; };
/* End PBXFileReference section */

/* Begin PBXFrameworksBuildPhase section */
		F80BEB681E3C0CE600B16E32 /* Frameworks */ = {
			isa = PBXFrameworksBuildPhase;
			buildActionMask = 2147483647;
			files = (
				F80BEB731E3C0EF800B16E32 /* OpenDirectory.framework in Frameworks */,
			);
			runOnlyForDeploymentPostprocessing = 0;
		};
		F8AB63BA1E111AB900FE9FC8 /* Frameworks */ = {
			isa = PBXFrameworksBuildPhase;
			buildActionMask = 2147483647;
			files = (
				F8DAEFE21EE5F64000741257 /* libEasyLoginMacLib.a in Frameworks */,
				C4415AC91E8156650074ECA0 /* CoreData.framework in Frameworks */,
				F8AB63C11E111AB900FE9FC8 /* CoreFoundation.framework in Frameworks */,
			);
			runOnlyForDeploymentPostprocessing = 0;
		};
/* End PBXFrameworksBuildPhase section */

/* Begin PBXGroup section */
		F80BEB6C1E3C0CE600B16E32 /* dsconfigel */ = {
			isa = PBXGroup;
			children = (
				F80BEB6D1E3C0CE600B16E32 /* main.m */,
				F8D71E901EDB360C0087C938 /* Configuration.h */,
				F8D71E911EDB360C0087C938 /* Configuration.m */,
			);
			path = dsconfigel;
			sourceTree = "<group>";
		};
		F8AB63B41E111AB900FE9FC8 = {
			isa = PBXGroup;
			children = (
				F8DAEFDC1EE5F62200741257 /* EasyLoginMacLib.xcodeproj */,
				F8E2D15E1EE1650B0068EC2E /* Common.h */,
				F8AB63C21E111AB900FE9FC8 /* EasyLoginOD */,
				F80BEB6C1E3C0CE600B16E32 /* dsconfigel */,
				F8AB63BF1E111AB900FE9FC8 /* Frameworks */,
				F8AB63BE1E111AB900FE9FC8 /* Products */,
			);
			sourceTree = "<group>";
		};
		F8AB63BE1E111AB900FE9FC8 /* Products */ = {
			isa = PBXGroup;
			children = (
				F8AB63BD1E111AB900FE9FC8 /* io.easylogin.EasyLoginOD.xpc */,
				F80BEB6B1E3C0CE600B16E32 /* dsconfigel */,
			);
			name = Products;
			sourceTree = "<group>";
		};
		F8AB63BF1E111AB900FE9FC8 /* Frameworks */ = {
			isa = PBXGroup;
			children = (
				C4415AC81E8156650074ECA0 /* CoreData.framework */,
				F80BEB721E3C0EF800B16E32 /* OpenDirectory.framework */,
				F8AB63C01E111AB900FE9FC8 /* CoreFoundation.framework */,
			);
			name = Frameworks;
			sourceTree = "<group>";
		};
		F8AB63C21E111AB900FE9FC8 /* EasyLoginOD */ = {
			isa = PBXGroup;
			children = (
				F808C5A51EDC8DDB004F7160 /* ELMapping.plist */,
				F8AB63C41E111AB900FE9FC8 /* EasyLoginOD.h */,
				F8AB63C61E111AB900FE9FC8 /* EasyLoginOD.m */,
				F8DAEFE31EE5F98600741257 /* ELODToolbox.h */,
				F8DAEFE41EE5F98600741257 /* ELODToolbox.m */,
				F8AB63CA1E111AB900FE9FC8 /* Info.plist */,
			);
			path = EasyLoginOD;
			sourceTree = "<group>";
		};
		F8DAEFDD1EE5F62200741257 /* Products */ = {
			isa = PBXGroup;
			children = (
				F8DAEFE11EE5F62200741257 /* libEasyLoginMacLib.a */,
			);
			name = Products;
			sourceTree = "<group>";
		};
/* End PBXGroup section */

/* Begin PBXHeadersBuildPhase section */
		F8AB63BB1E111AB900FE9FC8 /* Headers */ = {
			isa = PBXHeadersBuildPhase;
			buildActionMask = 2147483647;
			files = (
				F8DAEFE51EE5F98600741257 /* ELODToolbox.h in Headers */,
				F8AB63C51E111AB900FE9FC8 /* EasyLoginOD.h in Headers */,
			);
			runOnlyForDeploymentPostprocessing = 0;
		};
/* End PBXHeadersBuildPhase section */

/* Begin PBXNativeTarget section */
		F80BEB6A1E3C0CE600B16E32 /* dsconfigel */ = {
			isa = PBXNativeTarget;
			buildConfigurationList = F80BEB711E3C0CE600B16E32 /* Build configuration list for PBXNativeTarget "dsconfigel" */;
			buildPhases = (
				F80BEB671E3C0CE600B16E32 /* Sources */,
				F80BEB681E3C0CE600B16E32 /* Frameworks */,
				F80BEB691E3C0CE600B16E32 /* CopyFiles */,
			);
			buildRules = (
			);
			dependencies = (
			);
			name = dsconfigel;
			productName = CDSConfigTool;
			productReference = F80BEB6B1E3C0CE600B16E32 /* dsconfigel */;
			productType = "com.apple.product-type.tool";
		};
		F8AB63BC1E111AB900FE9FC8 /* EasyLoginOD */ = {
			isa = PBXNativeTarget;
			buildConfigurationList = F8AB63CD1E111AB900FE9FC8 /* Build configuration list for PBXNativeTarget "EasyLoginOD" */;
			buildPhases = (
				F8AB63B91E111AB900FE9FC8 /* Sources */,
				F8AB63BA1E111AB900FE9FC8 /* Frameworks */,
				F8AB63BB1E111AB900FE9FC8 /* Headers */,
				F80BEB741E3C142900B16E32 /* Copy CLI tools */,
				C4415AD01E8158480074ECA0 /* Resources */,
			);
			buildRules = (
				C4E7B6181E815AF600A3B1A0 /* PBXBuildRule */,
			);
			dependencies = (
				F8D71E8F1EDB35550087C938 /* PBXTargetDependency */,
			);
			name = EasyLoginOD;
			productName = CloudDirectoryServiceModule;
			productReference = F8AB63BD1E111AB900FE9FC8 /* io.easylogin.EasyLoginOD.xpc */;
			productType = "com.apple.product-type.bundle";
		};
/* End PBXNativeTarget section */

/* Begin PBXProject section */
		F8AB63B51E111AB900FE9FC8 /* Project object */ = {
			isa = PBXProject;
			attributes = {
				LastUpgradeCheck = 0830;
				ORGANIZATIONNAME = "Yoann Gini (Open Source Project)";
				TargetAttributes = {
					F80BEB6A1E3C0CE600B16E32 = {
						CreatedOnToolsVersion = 8.0;
						DevelopmentTeam = JXHB9UP6QZ;
						ProvisioningStyle = Manual;
					};
					F8AB63BC1E111AB900FE9FC8 = {
						CreatedOnToolsVersion = 8.2.1;
						DevelopmentTeam = JXHB9UP6QZ;
						ProvisioningStyle = Automatic;
						SystemCapabilities = {
							com.apple.Sandbox = {
								enabled = 0;
							};
						};
					};
				};
			};
			buildConfigurationList = F8AB63B81E111AB900FE9FC8 /* Build configuration list for PBXProject "EasyLoginOD" */;
			compatibilityVersion = "Xcode 3.2";
			developmentRegion = English;
			hasScannedForEncodings = 0;
			knownRegions = (
				en,
			);
			mainGroup = F8AB63B41E111AB900FE9FC8;
			productRefGroup = F8AB63BE1E111AB900FE9FC8 /* Products */;
			projectDirPath = "";
			projectReferences = (
				{
					ProductGroup = F8DAEFDD1EE5F62200741257 /* Products */;
					ProjectRef = F8DAEFDC1EE5F62200741257 /* EasyLoginMacLib.xcodeproj */;
				},
			);
			projectRoot = "";
			targets = (
				F8AB63BC1E111AB900FE9FC8 /* EasyLoginOD */,
				F80BEB6A1E3C0CE600B16E32 /* dsconfigel */,
			);
		};
/* End PBXProject section */

/* Begin PBXReferenceProxy section */
		F8DAEFE11EE5F62200741257 /* libEasyLoginMacLib.a */ = {
			isa = PBXReferenceProxy;
			fileType = archive.ar;
			path = libEasyLoginMacLib.a;
			remoteRef = F8DAEFE01EE5F62200741257 /* PBXContainerItemProxy */;
			sourceTree = BUILT_PRODUCTS_DIR;
		};
/* End PBXReferenceProxy section */

/* Begin PBXResourcesBuildPhase section */
		C4415AD01E8158480074ECA0 /* Resources */ = {
			isa = PBXResourcesBuildPhase;
			buildActionMask = 2147483647;
			files = (
				F808C5A61EDC8DDB004F7160 /* ELMapping.plist in Resources */,
			);
			runOnlyForDeploymentPostprocessing = 0;
		};
/* End PBXResourcesBuildPhase section */

/* Begin PBXSourcesBuildPhase section */
		F80BEB671E3C0CE600B16E32 /* Sources */ = {
			isa = PBXSourcesBuildPhase;
			buildActionMask = 2147483647;
			files = (
				F8D71E921EDB360C0087C938 /* Configuration.m in Sources */,
				F80BEB6E1E3C0CE600B16E32 /* main.m in Sources */,
			);
			runOnlyForDeploymentPostprocessing = 0;
		};
		F8AB63B91E111AB900FE9FC8 /* Sources */ = {
			isa = PBXSourcesBuildPhase;
			buildActionMask = 2147483647;
			files = (
				F8AB63C71E111AB900FE9FC8 /* EasyLoginOD.m in Sources */,
				F8DAEFE61EE5F98600741257 /* ELODToolbox.m in Sources */,
			);
			runOnlyForDeploymentPostprocessing = 0;
		};
/* End PBXSourcesBuildPhase section */

/* Begin PBXTargetDependency section */
		F8D71E8F1EDB35550087C938 /* PBXTargetDependency */ = {
			isa = PBXTargetDependency;
			target = F80BEB6A1E3C0CE600B16E32 /* dsconfigel */;
			targetProxy = F8D71E8E1EDB35550087C938 /* PBXContainerItemProxy */;
		};
/* End PBXTargetDependency section */

/* Begin XCBuildConfiguration section */
		F80BEB6F1E3C0CE600B16E32 /* Debug */ = {
			isa = XCBuildConfiguration;
			buildSettings = {
				CLANG_WARN_SUSPICIOUS_MOVES = YES;
				CODE_SIGN_IDENTITY = "Mac Developer";
				DEVELOPMENT_TEAM = JXHB9UP6QZ;
				PRODUCT_NAME = "$(TARGET_NAME)";
				SDKROOT = macosx;
			};
			name = Debug;
		};
		F80BEB701E3C0CE600B16E32 /* Release */ = {
			isa = XCBuildConfiguration;
			buildSettings = {
				CLANG_WARN_SUSPICIOUS_MOVES = YES;
				CODE_SIGN_IDENTITY = "Developer ID Application";
				DEVELOPMENT_TEAM = JXHB9UP6QZ;
				PRODUCT_NAME = "$(TARGET_NAME)";
				SDKROOT = macosx;
			};
			name = Release;
		};
		F8AB63CB1E111AB900FE9FC8 /* Debug */ = {
			isa = XCBuildConfiguration;
			buildSettings = {
				ALWAYS_SEARCH_USER_PATHS = NO;
				CLANG_ANALYZER_NONNULL = YES;
				CLANG_CXX_LANGUAGE_STANDARD = "gnu++0x";
				CLANG_CXX_LIBRARY = "libc++";
				CLANG_ENABLE_MODULES = YES;
				CLANG_ENABLE_OBJC_ARC = YES;
				CLANG_WARN_BOOL_CONVERSION = YES;
				CLANG_WARN_CONSTANT_CONVERSION = YES;
				CLANG_WARN_DIRECT_OBJC_ISA_USAGE = YES_ERROR;
				CLANG_WARN_DOCUMENTATION_COMMENTS = YES;
				CLANG_WARN_EMPTY_BODY = YES;
				CLANG_WARN_ENUM_CONVERSION = YES;
				CLANG_WARN_INFINITE_RECURSION = YES;
				CLANG_WARN_INT_CONVERSION = YES;
				CLANG_WARN_OBJC_ROOT_CLASS = YES_ERROR;
				CLANG_WARN_SUSPICIOUS_MOVE = YES;
				CLANG_WARN_UNREACHABLE_CODE = YES;
				CLANG_WARN__DUPLICATE_METHOD_MATCH = YES;
				COPY_PHASE_STRIP = NO;
				DEBUG_INFORMATION_FORMAT = dwarf;
				ENABLE_STRICT_OBJC_MSGSEND = YES;
				ENABLE_TESTABILITY = YES;
				GCC_C_LANGUAGE_STANDARD = gnu99;
				GCC_DYNAMIC_NO_PIC = NO;
				GCC_NO_COMMON_BLOCKS = YES;
				GCC_OPTIMIZATION_LEVEL = 0;
				GCC_PREPROCESSOR_DEFINITIONS = (
					"DEBUG=1",
					"$(inherited)",
				);
				GCC_WARN_64_TO_32_BIT_CONVERSION = YES;
				GCC_WARN_ABOUT_RETURN_TYPE = YES_ERROR;
				GCC_WARN_UNDECLARED_SELECTOR = YES;
				GCC_WARN_UNINITIALIZED_AUTOS = YES_AGGRESSIVE;
				GCC_WARN_UNUSED_FUNCTION = YES;
				GCC_WARN_UNUSED_VARIABLE = YES;
				MACOSX_DEPLOYMENT_TARGET = 10.9;
				MTL_ENABLE_DEBUG_INFO = YES;
				ONLY_ACTIVE_ARCH = YES;
			};
			name = Debug;
		};
		F8AB63CC1E111AB900FE9FC8 /* Release */ = {
			isa = XCBuildConfiguration;
			buildSettings = {
				ALWAYS_SEARCH_USER_PATHS = NO;
				CLANG_ANALYZER_NONNULL = YES;
				CLANG_CXX_LANGUAGE_STANDARD = "gnu++0x";
				CLANG_CXX_LIBRARY = "libc++";
				CLANG_ENABLE_MODULES = YES;
				CLANG_ENABLE_OBJC_ARC = YES;
				CLANG_WARN_BOOL_CONVERSION = YES;
				CLANG_WARN_CONSTANT_CONVERSION = YES;
				CLANG_WARN_DIRECT_OBJC_ISA_USAGE = YES_ERROR;
				CLANG_WARN_DOCUMENTATION_COMMENTS = YES;
				CLANG_WARN_EMPTY_BODY = YES;
				CLANG_WARN_ENUM_CONVERSION = YES;
				CLANG_WARN_INFINITE_RECURSION = YES;
				CLANG_WARN_INT_CONVERSION = YES;
				CLANG_WARN_OBJC_ROOT_CLASS = YES_ERROR;
				CLANG_WARN_SUSPICIOUS_MOVE = YES;
				CLANG_WARN_UNREACHABLE_CODE = YES;
				CLANG_WARN__DUPLICATE_METHOD_MATCH = YES;
				COPY_PHASE_STRIP = NO;
				DEBUG_INFORMATION_FORMAT = "dwarf-with-dsym";
				ENABLE_NS_ASSERTIONS = NO;
				ENABLE_STRICT_OBJC_MSGSEND = YES;
				GCC_C_LANGUAGE_STANDARD = gnu99;
				GCC_NO_COMMON_BLOCKS = YES;
				GCC_WARN_64_TO_32_BIT_CONVERSION = YES;
				GCC_WARN_ABOUT_RETURN_TYPE = YES_ERROR;
				GCC_WARN_UNDECLARED_SELECTOR = YES;
				GCC_WARN_UNINITIALIZED_AUTOS = YES_AGGRESSIVE;
				GCC_WARN_UNUSED_FUNCTION = YES;
				GCC_WARN_UNUSED_VARIABLE = YES;
				MACOSX_DEPLOYMENT_TARGET = 10.9;
				MTL_ENABLE_DEBUG_INFO = NO;
			};
			name = Release;
		};
		F8AB63CE1E111AB900FE9FC8 /* Debug */ = {
			isa = XCBuildConfiguration;
			buildSettings = {
				CLANG_ENABLE_OBJC_ARC = NO;
				CODE_SIGN_IDENTITY = "Mac Developer";
				COMBINE_HIDPI_IMAGES = YES;
				DEVELOPMENT_TEAM = JXHB9UP6QZ;
				FRAMEWORK_SEARCH_PATHS = (
					"$(inherited)",
					"$(LOCAL_LIBRARY_DIR)/Frameworks",
					"$(PROJECT_DIR)",
				);
				GCC_PREPROCESSOR_DEFINITIONS = (
					__BUILDING_ODMODULE__,
					"$(inherited)",
				);
				INFOPLIST_FILE = EasyLoginOD/Info.plist;
				INSTALL_PATH = /Library/OpenDirectory/Modules/;
				LD_RUNPATH_SEARCH_PATHS = "$(inherited) @executable_path/../Frameworks";
				MACH_O_TYPE = mh_execute;
				OTHER_LDFLAGS = "-lodmodule";
				PRODUCT_BUNDLE_IDENTIFIER = io.easylogin.EasyLoginOD;
				PRODUCT_NAME = io.easylogin.EasyLoginOD;
				WRAPPER_EXTENSION = xpc;
			};
			name = Debug;
		};
		F8AB63CF1E111AB900FE9FC8 /* Release */ = {
			isa = XCBuildConfiguration;
			buildSettings = {
				CLANG_ENABLE_OBJC_ARC = NO;
				CODE_SIGN_IDENTITY = "Mac Developer";
				COMBINE_HIDPI_IMAGES = YES;
				DEVELOPMENT_TEAM = JXHB9UP6QZ;
				FRAMEWORK_SEARCH_PATHS = (
					"$(inherited)",
					"$(LOCAL_LIBRARY_DIR)/Frameworks",
					"$(PROJECT_DIR)",
				);
				GCC_PREPROCESSOR_DEFINITIONS = (
					__BUILDING_ODMODULE__,
					"$(inherited)",
				);
				INFOPLIST_FILE = EasyLoginOD/Info.plist;
				INSTALL_PATH = /Library/OpenDirectory/Modules/;
				LD_RUNPATH_SEARCH_PATHS = "$(inherited) @executable_path/../Frameworks";
				MACH_O_TYPE = mh_execute;
				OTHER_LDFLAGS = "-lodmodule";
				PRODUCT_BUNDLE_IDENTIFIER = io.easylogin.EasyLoginOD;
				PRODUCT_NAME = io.easylogin.EasyLoginOD;
				WRAPPER_EXTENSION = xpc;
			};
			name = Release;
		};
/* End XCBuildConfiguration section */

/* Begin XCConfigurationList section */
		F80BEB711E3C0CE600B16E32 /* Build configuration list for PBXNativeTarget "dsconfigel" */ = {
			isa = XCConfigurationList;
			buildConfigurations = (
				F80BEB6F1E3C0CE600B16E32 /* Debug */,
				F80BEB701E3C0CE600B16E32 /* Release */,
			);
			defaultConfigurationIsVisible = 0;
			defaultConfigurationName = Release;
		};
		F8AB63B81E111AB900FE9FC8 /* Build configuration list for PBXProject "EasyLoginOD" */ = {
			isa = XCConfigurationList;
			buildConfigurations = (
				F8AB63CB1E111AB900FE9FC8 /* Debug */,
				F8AB63CC1E111AB900FE9FC8 /* Release */,
			);
			defaultConfigurationIsVisible = 0;
			defaultConfigurationName = Release;
		};
		F8AB63CD1E111AB900FE9FC8 /* Build configuration list for PBXNativeTarget "EasyLoginOD" */ = {
			isa = XCConfigurationList;
			buildConfigurations = (
				F8AB63CE1E111AB900FE9FC8 /* Debug */,
				F8AB63CF1E111AB900FE9FC8 /* Release */,
			);
			defaultConfigurationIsVisible = 0;
			defaultConfigurationName = Release;
		};
/* End XCConfigurationList section */
	};
	rootObject = F8AB63B51E111AB900FE9FC8 /* Project object */;
}
